// !$*UTF8*$!
{
	archiveVersion = 1;
	classes = {
	};
	objectVersion = 50;
	objects = {

/* Begin PBXBuildFile section */
		6EFA24A524CFDAFE006FB36D /* AppDelegate.swift in Sources */ = {isa = PBXBuildFile; fileRef = 6EFA24A424CFDAFE006FB36D /* AppDelegate.swift */; };
		6EFA24A724CFDAFE006FB36D /* SceneDelegate.swift in Sources */ = {isa = PBXBuildFile; fileRef = 6EFA24A624CFDAFE006FB36D /* SceneDelegate.swift */; };
		6EFA24A924CFDAFE006FB36D /* ViewController.swift in Sources */ = {isa = PBXBuildFile; fileRef = 6EFA24A824CFDAFE006FB36D /* ViewController.swift */; };
		6EFA24AC24CFDAFE006FB36D /* Main.storyboard in Resources */ = {isa = PBXBuildFile; fileRef = 6EFA24AA24CFDAFE006FB36D /* Main.storyboard */; };
		6EFA24AE24CFDB08006FB36D /* Assets.xcassets in Resources */ = {isa = PBXBuildFile; fileRef = 6EFA24AD24CFDB08006FB36D /* Assets.xcassets */; };
		6EFA24B124CFDB08006FB36D /* LaunchScreen.storyboard in Resources */ = {isa = PBXBuildFile; fileRef = 6EFA24AF24CFDB08006FB36D /* LaunchScreen.storyboard */; };
		6EFA24B924D06ABF006FB36D /* ViewController2.swift in Sources */ = {isa = PBXBuildFile; fileRef = 6EFA24B824D06ABE006FB36D /* ViewController2.swift */; };
		6EFA24BB24D06B52006FB36D /* ViewController3.swift in Sources */ = {isa = PBXBuildFile; fileRef = 6EFA24BA24D06B52006FB36D /* ViewController3.swift */; };
		6EFA24BD24D06BC9006FB36D /* ViewController4.swift in Sources */ = {isa = PBXBuildFile; fileRef = 6EFA24BC24D06BC9006FB36D /* ViewController4.swift */; };
/* End PBXBuildFile section */

/* Begin PBXFileReference section */
		6EFA24A124CFDAFE006FB36D /* DearGenZ.app */ = {isa = PBXFileReference; explicitFileType = wrapper.application; includeInIndex = 0; path = DearGenZ.app; sourceTree = BUILT_PRODUCTS_DIR; };
		6EFA24A424CFDAFE006FB36D /* AppDelegate.swift */ = {isa = PBXFileReference; lastKnownFileType = sourcecode.swift; path = AppDelegate.swift; sourceTree = "<group>"; };
		6EFA24A624CFDAFE006FB36D /* SceneDelegate.swift */ = {isa = PBXFileReference; lastKnownFileType = sourcecode.swift; path = SceneDelegate.swift; sourceTree = "<group>"; };
		6EFA24A824CFDAFE006FB36D /* ViewController.swift */ = {isa = PBXFileReference; lastKnownFileType = sourcecode.swift; path = ViewController.swift; sourceTree = "<group>"; };
		6EFA24AB24CFDAFE006FB36D /* Base */ = {isa = PBXFileReference; lastKnownFileType = file.storyboard; name = Base; path = Base.lproj/Main.storyboard; sourceTree = "<group>"; };
		6EFA24AD24CFDB08006FB36D /* Assets.xcassets */ = {isa = PBXFileReference; lastKnownFileType = folder.assetcatalog; path = Assets.xcassets; sourceTree = "<group>"; };
		6EFA24B024CFDB08006FB36D /* Base */ = {isa = PBXFileReference; lastKnownFileType = file.storyboard; name = Base; path = Base.lproj/LaunchScreen.storyboard; sourceTree = "<group>"; };
		6EFA24B224CFDB08006FB36D /* Info.plist */ = {isa = PBXFileReference; lastKnownFileType = text.plist.xml; path = Info.plist; sourceTree = "<group>"; };
		6EFA24B824D06ABE006FB36D /* ViewController2.swift */ = {isa = PBXFileReference; lastKnownFileType = sourcecode.swift; path = ViewController2.swift; sourceTree = "<group>"; };
		6EFA24BA24D06B52006FB36D /* ViewController3.swift */ = {isa = PBXFileReference; lastKnownFileType = sourcecode.swift; path = ViewController3.swift; sourceTree = "<group>"; };
		6EFA24BC24D06BC9006FB36D /* ViewController4.swift */ = {isa = PBXFileReference; lastKnownFileType = sourcecode.swift; path = ViewController4.swift; sourceTree = "<group>"; };
/* End PBXFileReference section */

/* Begin PBXFrameworksBuildPhase section */
		6EFA249E24CFDAFE006FB36D /* Frameworks */ = {
			isa = PBXFrameworksBuildPhase;
			buildActionMask = 2147483647;
			files = (
			);
			runOnlyForDeploymentPostprocessing = 0;
		};
/* End PBXFrameworksBuildPhase section */

/* Begin PBXGroup section */
		6EFA249824CFDAFE006FB36D = {
			isa = PBXGroup;
			children = (
				6EFA24A324CFDAFE006FB36D /* DearGenZ */,
				6EFA24A224CFDAFE006FB36D /* Products */,
			);
			sourceTree = "<group>";
		};
		6EFA24A224CFDAFE006FB36D /* Products */ = {
			isa = PBXGroup;
			children = (
				6EFA24A124CFDAFE006FB36D /* DearGenZ.app */,
			);
			name = Products;
			sourceTree = "<group>";
		};
		6EFA24A324CFDAFE006FB36D /* DearGenZ */ = {
			isa = PBXGroup;
			children = (
				6EFA24A424CFDAFE006FB36D /* AppDelegate.swift */,
				6EFA24A624CFDAFE006FB36D /* SceneDelegate.swift */,
				6EFA24A824CFDAFE006FB36D /* ViewController.swift */,
				6EFA24AA24CFDAFE006FB36D /* Main.storyboard */,
				6EFA24B824D06ABE006FB36D /* ViewController2.swift */,
				6EFA24BC24D06BC9006FB36D /* ViewController4.swift */,
				6EFA24BA24D06B52006FB36D /* ViewController3.swift */,
				6EFA24AD24CFDB08006FB36D /* Assets.xcassets */,
				6EFA24AF24CFDB08006FB36D /* LaunchScreen.storyboard */,
				6EFA24B224CFDB08006FB36D /* Info.plist */,
			);
			path = DearGenZ;
			sourceTree = "<group>";
		};
/* End PBXGroup section */

/* Begin PBXNativeTarget section */
		6EFA24A024CFDAFE006FB36D /* DearGenZ */ = {
			isa = PBXNativeTarget;
			buildConfigurationList = 6EFA24B524CFDB08006FB36D /* Build configuration list for PBXNativeTarget "DearGenZ" */;
			buildPhases = (
				6EFA249D24CFDAFE006FB36D /* Sources */,
				6EFA249E24CFDAFE006FB36D /* Frameworks */,
				6EFA249F24CFDAFE006FB36D /* Resources */,
			);
			buildRules = (
			);
			dependencies = (
			);
			name = DearGenZ;
			productName = DearGenZ;
			productReference = 6EFA24A124CFDAFE006FB36D /* DearGenZ.app */;
			productType = "com.apple.product-type.application";
		};
/* End PBXNativeTarget section */

/* Begin PBXProject section */
		6EFA249924CFDAFE006FB36D /* Project object */ = {
			isa = PBXProject;
			attributes = {
				LastSwiftUpdateCheck = 1160;
				LastUpgradeCheck = 1160;
				ORGANIZATIONNAME = "Lauren Ravury";
				TargetAttributes = {
					6EFA24A024CFDAFE006FB36D = {
						CreatedOnToolsVersion = 11.6;
					};
				};
			};
			buildConfigurationList = 6EFA249C24CFDAFE006FB36D /* Build configuration list for PBXProject "DearGenZ" */;
			compatibilityVersion = "Xcode 9.3";
			developmentRegion = en;
			hasScannedForEncodings = 0;
			knownRegions = (
				en,
				Base,
			);
			mainGroup = 6EFA249824CFDAFE006FB36D;
			productRefGroup = 6EFA24A224CFDAFE006FB36D /* Products */;
			projectDirPath = "";
			projectRoot = "";
			targets = (
				6EFA24A024CFDAFE006FB36D /* DearGenZ */,
			);
		};
/* End PBXProject section */

/* Begin PBXResourcesBuildPhase section */
		6EFA249F24CFDAFE006FB36D /* Resources */ = {
			isa = PBXResourcesBuildPhase;
			buildActionMask = 2147483647;
			files = (
				6EFA24B124CFDB08006FB36D /* LaunchScreen.storyboard in Resources */,
				6EFA24AE24CFDB08006FB36D /* Assets.xcassets in Resources */,
				6EFA24AC24CFDAFE006FB36D /* Main.storyboard in Resources */,
			);
			runOnlyForDeploymentPostprocessing = 0;
		};
/* End PBXResourcesBuildPhase section */

/* Begin PBXSourcesBuildPhase section */
		6EFA249D24CFDAFE006FB36D /* Sources */ = {
			isa = PBXSourcesBuildPhase;
			buildActionMask = 2147483647;
			files = (
				6EFA24BB24D06B52006FB36D /* ViewController3.swift in Sources */,
				6EFA24BD24D06BC9006FB36D /* ViewController4.swift in Sources */,
				6EFA24A924CFDAFE006FB36D /* ViewController.swift in Sources */,
				6EFA24B924D06ABF006FB36D /* ViewController2.swift in Sources */,
				6EFA24A524CFDAFE006FB36D /* AppDelegate.swift in Sources */,
				6EFA24A724CFDAFE006FB36D /* SceneDelegate.swift in Sources */,
			);
			runOnlyForDeploymentPostprocessing = 0;
		};
/* End PBXSourcesBuildPhase section */

/* Begin PBXVariantGroup section */
		6EFA24AA24CFDAFE006FB36D /* Main.storyboard */ = {
			isa = PBXVariantGroup;
			children = (
				6EFA24AB24CFDAFE006FB36D /* Base */,
			);
			name = Main.storyboard;
			sourceTree = "<group>";
		};
		6EFA24AF24CFDB08006FB36D /* LaunchScreen.storyboard */ = {
			isa = PBXVariantGroup;
			children = (
				6EFA24B024CFDB08006FB36D /* Base */,
			);
			name = LaunchScreen.storyboard;
			sourceTree = "<group>";
		};
/* End PBXVariantGroup section */

/* Begin XCBuildConfiguration section */
		6EFA24B324CFDB08006FB36D /* Debug */ = {
			isa = XCBuildConfiguration;
			buildSettings = {
				ALWAYS_SEARCH_USER_PATHS = NO;
				CLANG_ANALYZER_NONNULL = YES;
				CLANG_ANALYZER_NUMBER_OBJECT_CONVERSION = YES_AGGRESSIVE;
				CLANG_CXX_LANGUAGE_STANDARD = "gnu++14";
				CLANG_CXX_LIBRARY = "libc++";
				CLANG_ENABLE_MODULES = YES;
				CLANG_ENABLE_OBJC_ARC = YES;
				CLANG_ENABLE_OBJC_WEAK = YES;
				CLANG_WARN_BLOCK_CAPTURE_AUTORELEASING = YES;
				CLANG_WARN_BOOL_CONVERSION = YES;
				CLANG_WARN_COMMA = YES;
				CLANG_WARN_CONSTANT_CONVERSION = YES;
				CLANG_WARN_DEPRECATED_OBJC_IMPLEMENTATIONS = YES;
				CLANG_WARN_DIRECT_OBJC_ISA_USAGE = YES_ERROR;
				CLANG_WARN_DOCUMENTATION_COMMENTS = YES;
				CLANG_WARN_EMPTY_BODY = YES;
				CLANG_WARN_ENUM_CONVERSION = YES;
				CLANG_WARN_INFINITE_RECURSION = YES;
				CLANG_WARN_INT_CONVERSION = YES;
				CLANG_WARN_NON_LITERAL_NULL_CONVERSION = YES;
				CLANG_WARN_OBJC_IMPLICIT_RETAIN_SELF = YES;
				CLANG_WARN_OBJC_LITERAL_CONVERSION = YES;
				CLANG_WARN_OBJC_ROOT_CLASS = YES_ERROR;
				CLANG_WARN_RANGE_LOOP_ANALYSIS = YES;
				CLANG_WARN_STRICT_PROTOTYPES = YES;
				CLANG_WARN_SUSPICIOUS_MOVE = YES;
				CLANG_WARN_UNGUARDED_AVAILABILITY = YES_AGGRESSIVE;
				CLANG_WARN_UNREACHABLE_CODE = YES;
				CLANG_WARN__DUPLICATE_METHOD_MATCH = YES;
				COPY_PHASE_STRIP = NO;
				DEBUG_INFORMATION_FORMAT = dwarf;
				ENABLE_STRICT_OBJC_MSGSEND = YES;
				ENABLE_TESTABILITY = YES;
				GCC_C_LANGUAGE_STANDARD = gnu11;
				GCC_DYNAMIC_NO_PIC = NO;
				GCC_NO_COMMON_BLOCKS = YES;
				GCC_OPTIMIZATION_LEVEL = 0;
				GCC_PREPROCESSOR_DEFINITIONS = (
					"DEBUG=1",
					"$(inherited)",
				);
				GCC_WARN_64_TO_32_BIT_CONVERSION = YES;
				GCC_WARN_ABOUT_RETURN_TYPE = YES_ERROR;
				GCC_WARN_UNDECLARED_SELECTOR = YES;
				GCC_WARN_UNINITIALIZED_AUTOS = YES_AGGRESSIVE;
				GCC_WARN_UNUSED_FUNCTION = YES;
				GCC_WARN_UNUSED_VARIABLE = YES;
				IPHONEOS_DEPLOYMENT_TARGET = 13.6;
				MTL_ENABLE_DEBUG_INFO = INCLUDE_SOURCE;
				MTL_FAST_MATH = YES;
				ONLY_ACTIVE_ARCH = YES;
				SDKROOT = iphoneos;
				SWIFT_ACTIVE_COMPILATION_CONDITIONS = DEBUG;
				SWIFT_OPTIMIZATION_LEVEL = "-Onone";
			};
			name = Debug;
		};
		6EFA24B424CFDB08006FB36D /* Release */ = {
			isa = XCBuildConfiguration;
			buildSettings = {
				ALWAYS_SEARCH_USER_PATHS = NO;
				CLANG_ANALYZER_NONNULL = YES;
				CLANG_ANALYZER_NUMBER_OBJECT_CONVERSION = YES_AGGRESSIVE;
				CLANG_CXX_LANGUAGE_STANDARD = "gnu++14";
				CLANG_CXX_LIBRARY = "libc++";
				CLANG_ENABLE_MODULES = YES;
				CLANG_ENABLE_OBJC_ARC = YES;
				CLANG_ENABLE_OBJC_WEAK = YES;
				CLANG_WARN_BLOCK_CAPTURE_AUTORELEASING = YES;
				CLANG_WARN_BOOL_CONVERSION = YES;
				CLANG_WARN_COMMA = YES;
				CLANG_WARN_CONSTANT_CONVERSION = YES;
				CLANG_WARN_DEPRECATED_OBJC_IMPLEMENTATIONS = YES;
				CLANG_WARN_DIRECT_OBJC_ISA_USAGE = YES_ERROR;
				CLANG_WARN_DOCUMENTATION_COMMENTS = YES;
				CLANG_WARN_EMPTY_BODY = YES;
				CLANG_WARN_ENUM_CONVERSION = YES;
				CLANG_WARN_INFINITE_RECURSION = YES;
				CLANG_WARN_INT_CONVERSION = YES;
				CLANG_WARN_NON_LITERAL_NULL_CONVERSION = YES;
				CLANG_WARN_OBJC_IMPLICIT_RETAIN_SELF = YES;
				CLANG_WARN_OBJC_LITERAL_CONVERSION = YES;
				CLANG_WARN_OBJC_ROOT_CLASS = YES_ERROR;
				CLANG_WARN_RANGE_LOOP_ANALYSIS = YES;
				CLANG_WARN_STRICT_PROTOTYPES = YES;
				CLANG_WARN_SUSPICIOUS_MOVE = YES;
				CLANG_WARN_UNGUARDED_AVAILABILITY = YES_AGGRESSIVE;
				CLANG_WARN_UNREACHABLE_CODE = YES;
				CLANG_WARN__DUPLICATE_METHOD_MATCH = YES;
				COPY_PHASE_STRIP = NO;
				DEBUG_INFORMATION_FORMAT = "dwarf-with-dsym";
				ENABLE_NS_ASSERTIONS = NO;
				ENABLE_STRICT_OBJC_MSGSEND = YES;
				GCC_C_LANGUAGE_STANDARD = gnu11;
				GCC_NO_COMMON_BLOCKS = YES;
				GCC_WARN_64_TO_32_BIT_CONVERSION = YES;
				GCC_WARN_ABOUT_RETURN_TYPE = YES_ERROR;
				GCC_WARN_UNDECLARED_SELECTOR = YES;
				GCC_WARN_UNINITIALIZED_AUTOS = YES_AGGRESSIVE;
				GCC_WARN_UNUSED_FUNCTION = YES;
				GCC_WARN_UNUSED_VARIABLE = YES;
				IPHONEOS_DEPLOYMENT_TARGET = 13.6;
				MTL_ENABLE_DEBUG_INFO = NO;
				MTL_FAST_MATH = YES;
				SDKROOT = iphoneos;
				SWIFT_COMPILATION_MODE = wholemodule;
				SWIFT_OPTIMIZATION_LEVEL = "-O";
				VALIDATE_PRODUCT = YES;
			};
			name = Release;
		};
		6EFA24B624CFDB08006FB36D /* Debug */ = {
			isa = XCBuildConfiguration;
			buildSettings = {
				ASSETCATALOG_COMPILER_APPICON_NAME = AppIcon;
				CODE_SIGN_STYLE = Automatic;
				INFOPLIST_FILE = DearGenZ/Info.plist;
				LD_RUNPATH_SEARCH_PATHS = (
					"$(inherited)",
					"@executable_path/Frameworks",
				);
				PRODUCT_BUNDLE_IDENTIFIER = KWK.DearGenZ;
				PRODUCT_NAME = "$(TARGET_NAME)";
				SWIFT_VERSION = 5.0;
				TARGETED_DEVICE_FAMILY = "1,2";
			};
			name = Debug;
		};
		6EFA24B724CFDB08006FB36D /* Release */ = {
			isa = XCBuildConfiguration;
			buildSettings = {
				ASSETCATALOG_COMPILER_APPICON_NAME = AppIcon;
				CODE_SIGN_STYLE = Automatic;
				INFOPLIST_FILE = DearGenZ/Info.plist;
				LD_RUNPATH_SEARCH_PATHS = (
					"$(inherited)",
					"@executable_path/Frameworks",
				);
				PRODUCT_BUNDLE_IDENTIFIER = KWK.DearGenZ;
				PRODUCT_NAME = "$(TARGET_NAME)";
				SWIFT_VERSION = 5.0;
				TARGETED_DEVICE_FAMILY = "1,2";
			};
			name = Release;
		};
/* End XCBuildConfiguration section */

/* Begin XCConfigurationList section */
		6EFA249C24CFDAFE006FB36D /* Build configuration list for PBXProject "DearGenZ" */ = {
			isa = XCConfigurationList;
			buildConfigurations = (
				6EFA24B324CFDB08006FB36D /* Debug */,
				6EFA24B424CFDB08006FB36D /* Release */,
			);
			defaultConfigurationIsVisible = 0;
			defaultConfigurationName = Release;
		};
		6EFA24B524CFDB08006FB36D /* Build configuration list for PBXNativeTarget "DearGenZ" */ = {
			isa = XCConfigurationList;
			buildConfigurations = (
				6EFA24B624CFDB08006FB36D /* Debug */,
				6EFA24B724CFDB08006FB36D /* Release */,
			);
			defaultConfigurationIsVisible = 0;
			defaultConfigurationName = Release;
		};
/* End XCConfigurationList section */
	};
	rootObject = 6EFA249924CFDAFE006FB36D /* Project object */;
}
